
Microsoft Visual Studio Solution File, Format Version 12.00
# Visual Studio Version 17
VisualStudioVersion = 17.4.33110.190
MinimumVisualStudioVersion = 10.0.40219.1
Project("{9A19103F-16F7-4668-BE54-9A1E7A4F7556}") = "Sixnet.Database.Oracle", "Sixnet.Database.Oracle\Sixnet.Database.Oracle.csproj", "{0620B297-EE52-4913-889A-1A98B56F2765}"
EndProject
Global
	GlobalSection(SolutionConfigurationPlatforms) = preSolution
		Debug|Any CPU = Debug|Any CPU
		Release|Any CPU = Release|Any CPU
	EndGlobalSection
	GlobalSection(ProjectConfigurationPlatforms) = postSolution
		{0620B297-EE52-4913-889A-1A98B56F2765}.Debug|Any CPU.ActiveCfg = Debug|Any CPU
		{0620B297-EE52-4913-889A-1A98B56F2765}.Debug|Any CPU.Build.0 = Debug|Any CPU
		{0620B297-EE52-4913-889A-1A98B56F2765}.Release|Any CPU.ActiveCfg = Release|Any CPU
		{0620B297-EE52-4913-889A-1A98B56F2765}.Release|Any CPU.Build.0 = Release|Any CPU
	EndGlobalSection
	GlobalSection(SolutionProperties) = preSolution
		HideSolutionNode = FALSE
	EndGlobalSection
	GlobalSection(ExtensibilityGlobals) = postSolution
		SolutionGuid = {3FC12B74-606D-4E30-B455-28E45A2C7E0D}
	EndGlobalSection
EndGlobal
